
Microsoft Visual Studio Solution File, Format Version 12.00
# Visual Studio Version 16
VisualStudioVersion = 16.0.31205.134
MinimumVisualStudioVersion = 10.0.40219.1
Project("{FAE04EC0-301F-11D3-BF4B-00C04F79EFBC}") = "Online Shop", "Online Shop\Online Shop.csproj", "{1E1645F6-4F1E-4E3E-8AF6-58625EF4A9EF}"
EndProject
Global
	GlobalSection(SolutionConfigurationPlatforms) = preSolution
		Debug|Any CPU = Debug|Any CPU
		Release|Any CPU = Release|Any CPU
	EndGlobalSection
	GlobalSection(ProjectConfigurationPlatforms) = postSolution
		{1E1645F6-4F1E-4E3E-8AF6-58625EF4A9EF}.Debug|Any CPU.ActiveCfg = Debug|Any CPU
		{1E1645F6-4F1E-4E3E-8AF6-58625EF4A9EF}.Debug|Any CPU.Build.0 = Debug|Any CPU
		{1E1645F6-4F1E-4E3E-8AF6-58625EF4A9EF}.Release|Any CPU.ActiveCfg = Release|Any CPU
		{1E1645F6-4F1E-4E3E-8AF6-58625EF4A9EF}.Release|Any CPU.Build.0 = Release|Any CPU
	EndGlobalSection
	GlobalSection(SolutionProperties) = preSolution
		HideSolutionNode = FALSE
	EndGlobalSection
	GlobalSection(ExtensibilityGlobals) = postSolution
		SolutionGuid = {F106CA85-1DEB-4DA2-A128-BB0816A1E665}
	EndGlobalSection
EndGlobal
